
Microsoft Visual Studio Solution File, Format Version 12.00
# Visual Studio 15
VisualStudioVersion = 15.0.27428.2002
MinimumVisualStudioVersion = 10.0.40219.1
Project("{FAE04EC0-301F-11D3-BF4B-00C04F79EFBC}") = "FilmSearch", "FilmSearch\FilmSearch.csproj", "{77D5670B-6C9F-42A0-80B4-70FAD90E07FE}"
EndProject
Project("{FAE04EC0-301F-11D3-BF4B-00C04F79EFBC}") = "FilmSearch.Models", "FilmSearch.Models\FilmSearch.Models.csproj", "{99D3370C-E3B1-4D4B-9D5D-3A5CD88BD118}"
EndProject
Project("{FAE04EC0-301F-11D3-BF4B-00C04F79EFBC}") = "FilmSearch.DAL", "FilmSearch.DAL\FilmSearch.DAL.csproj", "{40C6C6BD-3F1C-4020-861D-9B774404BC33}"
EndProject
Project("{FAE04EC0-301F-11D3-BF4B-00C04F79EFBC}") = "FilmSearch.Services", "FilmSearch.Services\FilmSearch.Services.csproj", "{DFE05424-024E-460F-B53C-49768AB40E2B}"
EndProject
Global
	GlobalSection(SolutionConfigurationPlatforms) = preSolution
		Debug|Any CPU = Debug|Any CPU
		Release|Any CPU = Release|Any CPU
	EndGlobalSection
	GlobalSection(ProjectConfigurationPlatforms) = postSolution
		{77D5670B-6C9F-42A0-80B4-70FAD90E07FE}.Debug|Any CPU.ActiveCfg = Debug|Any CPU
		{77D5670B-6C9F-42A0-80B4-70FAD90E07FE}.Debug|Any CPU.Build.0 = Debug|Any CPU
		{77D5670B-6C9F-42A0-80B4-70FAD90E07FE}.Release|Any CPU.ActiveCfg = Release|Any CPU
		{77D5670B-6C9F-42A0-80B4-70FAD90E07FE}.Release|Any CPU.Build.0 = Release|Any CPU
		{DFE05424-024E-460F-B53C-49768AB40E2B}.Debug|Any CPU.ActiveCfg = Debug|Any CPU
		{DFE05424-024E-460F-B53C-49768AB40E2B}.Debug|Any CPU.Build.0 = Debug|Any CPU
		{DFE05424-024E-460F-B53C-49768AB40E2B}.Release|Any CPU.ActiveCfg = Release|Any CPU
		{DFE05424-024E-460F-B53C-49768AB40E2B}.Release|Any CPU.Build.0 = Release|Any CPU
	EndGlobalSection
	GlobalSection(SolutionProperties) = preSolution
		HideSolutionNode = FALSE
	EndGlobalSection
	GlobalSection(ExtensibilityGlobals) = postSolution
		SolutionGuid = {2D0661B6-B54E-4969-9A60-83FB93F89F6E}
	EndGlobalSection
EndGlobal
